
Microsoft Visual Studio Solution File, Format Version 12.00
# Visual Studio 15
Project("{FAE04EC0-301F-11D3-BF4B-00C04F79EFBC}") = "Unity.Timeline", "Unity.Timeline.csproj", "{D91F7209-5327-CCA5-C3CB-8BDDAB5FF17E}"
EndProject
Project("{FAE04EC0-301F-11D3-BF4B-00C04F79EFBC}") = "Unity.VisualScripting.Flow", "Unity.VisualScripting.Flow.csproj", "{AD1DAC86-E789-50DD-200C-286CA18CF9DE}"
EndProject
Project("{FAE04EC0-301F-11D3-BF4B-00C04F79EFBC}") = "Unity.Timeline.Editor", "Unity.Timeline.Editor.csproj", "{A6B55B94-3196-551E-622E-3F55D0EE3B65}"
EndProject
Project("{FAE04EC0-301F-11D3-BF4B-00C04F79EFBC}") = "Unity.PlasticSCM.Editor", "Unity.PlasticSCM.Editor.csproj", "{9E7BBFAC-62AE-24F1-51FF-FE5C69D3139D}"
EndProject
Project("{FAE04EC0-301F-11D3-BF4B-00C04F79EFBC}") = "Unity.Mathematics", "Unity.Mathematics.csproj", "{80A6A12C-56E5-969D-8982-636CC83F93FB}"
EndProject
Project("{FAE04EC0-301F-11D3-BF4B-00C04F79EFBC}") = "Unity.VisualScripting.Core.Editor", "Unity.VisualScripting.Core.Editor.csproj", "{E172308F-8F8C-21C6-77F8-2585A535500F}"
EndProject
Project("{FAE04EC0-301F-11D3-BF4B-00C04F79EFBC}") = "UnityEditor.TestRunner", "UnityEditor.TestRunner.csproj", "{01F0512D-2AF0-3100-69BA-2A7EAA97A8C4}"
EndProject
Project("{FAE04EC0-301F-11D3-BF4B-00C04F79EFBC}") = "Unity.InputSystem", "Unity.InputSystem.csproj", "{A71B9EC9-4C49-708F-E935-C5F5444DA1EA}"
EndProject
Project("{FAE04EC0-301F-11D3-BF4B-00C04F79EFBC}") = "Unity.TextMeshPro.Editor", "Unity.TextMeshPro.Editor.csproj", "{C46F0911-B5B2-C92A-3747-16E833F04E03}"
EndProject
Project("{FAE04EC0-301F-11D3-BF4B-00C04F79EFBC}") = "Unity.VisualScripting.Flow.Editor", "Unity.VisualScripting.Flow.Editor.csproj", "{2A71027D-BA26-2CE1-28B3-64B1AFFAA20D}"
EndProject
Project("{FAE04EC0-301F-11D3-BF4B-00C04F79EFBC}") = "UnityEngine.TestRunner", "UnityEngine.TestRunner.csproj", "{CFA95D16-92DB-DD1C-E510-3F6F101BE4A0}"
EndProject
Project("{FAE04EC0-301F-11D3-BF4B-00C04F79EFBC}") = "Unity.VisualScripting.Core", "Unity.VisualScripting.Core.csproj", "{FE22335D-6076-9221-324B-4D081E8E228D}"
EndProject
Project("{FAE04EC0-301F-11D3-BF4B-00C04F79EFBC}") = "Unity.Searcher.Editor", "Unity.Searcher.Editor.csproj", "{6792A010-1915-1880-56E9-F938FD94EF51}"
EndProject
Project("{FAE04EC0-301F-11D3-BF4B-00C04F79EFBC}") = "Unity.Burst", "Unity.Burst.csproj", "{9242BF61-FEA5-7773-6CFA-CF88715AA347}"
EndProject
Project("{FAE04EC0-301F-11D3-BF4B-00C04F79EFBC}") = "Assembly-CSharp", "Assembly-CSharp.csproj", "{A5D6EC68-184E-9237-E89A-2151602DB63A}"
EndProject
Project("{FAE04EC0-301F-11D3-BF4B-00C04F79EFBC}") = "Unity.VisualStudio.Editor", "Unity.VisualStudio.Editor.csproj", "{C61D7A3C-6905-C8E9-FAE5-AD98F1E4F44A}"
EndProject
Project("{FAE04EC0-301F-11D3-BF4B-00C04F79EFBC}") = "Unity.TestTools.CodeCoverage.Editor.OpenCover.Model", "Unity.TestTools.CodeCoverage.Editor.OpenCover.Model.csproj", "{33703AF2-A431-D36C-4535-0F49601C168B}"
EndProject
Project("{FAE04EC0-301F-11D3-BF4B-00C04F79EFBC}") = "Unity.Rider.Editor", "Unity.Rider.Editor.csproj", "{3A330F43-BA6A-83DF-C947-0D9A6F69CEC0}"
EndProject
Project("{FAE04EC0-301F-11D3-BF4B-00C04F79EFBC}") = "Unity.VisualScripting.State.Editor", "Unity.VisualScripting.State.Editor.csproj", "{651E4F6B-41C7-B0C4-4147-BB49BAF4D0E3}"
EndProject
Project("{FAE04EC0-301F-11D3-BF4B-00C04F79EFBC}") = "Unity.TestTools.CodeCoverage.Editor", "Unity.TestTools.CodeCoverage.Editor.csproj", "{9C433C90-8563-B18C-CD50-FFF6D0D99C66}"
EndProject
Project("{FAE04EC0-301F-11D3-BF4B-00C04F79EFBC}") = "Unity.Burst.CodeGen", "Unity.Burst.CodeGen.csproj", "{797EE3DD-9BC9-9244-9FA7-36D5F8AA2EA2}"
EndProject
Project("{FAE04EC0-301F-11D3-BF4B-00C04F79EFBC}") = "Unity.VisualScripting.State", "Unity.VisualScripting.State.csproj", "{9CB32DB0-1B19-C403-6F87-374EB386C790}"
EndProject
Project("{FAE04EC0-301F-11D3-BF4B-00C04F79EFBC}") = "Unity.TextMeshPro", "Unity.TextMeshPro.csproj", "{AF7416D8-1363-9AE0-0E44-B506CE1DC809}"
EndProject
Project("{FAE04EC0-301F-11D3-BF4B-00C04F79EFBC}") = "Unity.Performance.Profile-Analyzer.Editor", "Unity.Performance.Profile-Analyzer.Editor.csproj", "{066A26EF-5A1D-6BBD-A70E-42EE489512D9}"
EndProject
Project("{FAE04EC0-301F-11D3-BF4B-00C04F79EFBC}") = "Unity.VisualScripting.SettingsProvider.Editor", "Unity.VisualScripting.SettingsProvider.Editor.csproj", "{AA0574E4-C081-E139-6D79-8BFD98F96E57}"
EndProject
Project("{FAE04EC0-301F-11D3-BF4B-00C04F79EFBC}") = "Unity.VSCode.Editor", "Unity.VSCode.Editor.csproj", "{AC3FAF2E-1430-FE39-E4AF-0D5A483C1EED}"
EndProject
Project("{FAE04EC0-301F-11D3-BF4B-00C04F79EFBC}") = "Unity.Burst.Editor", "Unity.Burst.Editor.csproj", "{CD6FA7EC-E4FB-FF5F-A58A-A404303CCFD4}"
EndProject
Project("{FAE04EC0-301F-11D3-BF4B-00C04F79EFBC}") = "Unity.TestTools.CodeCoverage.Editor.OpenCover.Mono.Reflection", "Unity.TestTools.CodeCoverage.Editor.OpenCover.Mono.Reflection.csproj", "{27773C99-E0AD-C226-647D-2CA730DA336F}"
EndProject
Project("{FAE04EC0-301F-11D3-BF4B-00C04F79EFBC}") = "Unity.Settings.Editor", "Unity.Settings.Editor.csproj", "{2995A261-447E-6377-E66A-CC8C85E11C7B}"
EndProject
Project("{FAE04EC0-301F-11D3-BF4B-00C04F79EFBC}") = "Unity.InputSystem.ForUI", "Unity.InputSystem.ForUI.csproj", "{155F49BE-D082-7E7F-B19C-C59273A4680F}"
EndProject
Project("{FAE04EC0-301F-11D3-BF4B-00C04F79EFBC}") = "Unity.Mathematics.Editor", "Unity.Mathematics.Editor.csproj", "{C55E4697-8F94-5376-4FE8-D78F66A21545}"
EndProject
Project("{FAE04EC0-301F-11D3-BF4B-00C04F79EFBC}") = "Unity.InputSystem.TestFramework", "Unity.InputSystem.TestFramework.csproj", "{4CD79B89-A71A-1255-C72B-82BBDCEC7225}"
EndProject
Project("{FAE04EC0-301F-11D3-BF4B-00C04F79EFBC}") = "Unity.VisualScripting.Shared.Editor", "Unity.VisualScripting.Shared.Editor.csproj", "{7327D537-5B69-E23C-0A84-276FB3CF6C28}"
EndProject
Project("{FAE04EC0-301F-11D3-BF4B-00C04F79EFBC}") = "Assembly-CSharp-Editor", "Assembly-CSharp-Editor.csproj", "{4D4D9ADC-BC95-3ADA-3248-4C60EDDC352A}"
EndProject
Project("{FAE04EC0-301F-11D3-BF4B-00C04F79EFBC}") = "Unity.EditorCoroutines.Editor", "Unity.EditorCoroutines.Editor.csproj", "{C1C657DF-6C0C-4F14-F8B8-19801BF170F7}"
EndProject
Project("{FAE04EC0-301F-11D3-BF4B-00C04F79EFBC}") = "SmoothGridLayout", "SmoothGridLayout.csproj", "{DA2DE0A4-E2BE-17BC-905D-BE02AF28BC62}"
EndProject
Project("{FAE04EC0-301F-11D3-BF4B-00C04F79EFBC}") = "Unity.CollabProxy.Editor", "Unity.CollabProxy.Editor.csproj", "{F39D6CAD-4E26-BCD3-311F-C3EC2B7E6758}"
EndProject
Global
	GlobalSection(SolutionConfigurationPlatforms) = preSolution
		Debug|Any CPU = Debug|Any CPU
		Release|Any CPU = Release|Any CPU
	EndGlobalSection
	GlobalSection(ProjectConfigurationPlatforms) = postSolution
		{D91F7209-5327-CCA5-C3CB-8BDDAB5FF17E}.Debug|Any CPU.ActiveCfg = Debug|Any CPU
		{D91F7209-5327-CCA5-C3CB-8BDDAB5FF17E}.Debug|Any CPU.Build.0 = Debug|Any CPU
		{D91F7209-5327-CCA5-C3CB-8BDDAB5FF17E}.Release|Any CPU.ActiveCfg = Release|Any CPU
		{D91F7209-5327-CCA5-C3CB-8BDDAB5FF17E}.Release|Any CPU.Build.0 = Release|Any CPU
		{AD1DAC86-E789-50DD-200C-286CA18CF9DE}.Debug|Any CPU.ActiveCfg = Debug|Any CPU
		{AD1DAC86-E789-50DD-200C-286CA18CF9DE}.Debug|Any CPU.Build.0 = Debug|Any CPU
		{AD1DAC86-E789-50DD-200C-286CA18CF9DE}.Release|Any CPU.ActiveCfg = Release|Any CPU
		{AD1DAC86-E789-50DD-200C-286CA18CF9DE}.Release|Any CPU.Build.0 = Release|Any CPU
		{A6B55B94-3196-551E-622E-3F55D0EE3B65}.Debug|Any CPU.ActiveCfg = Debug|Any CPU
		{A6B55B94-3196-551E-622E-3F55D0EE3B65}.Debug|Any CPU.Build.0 = Debug|Any CPU
		{A6B55B94-3196-551E-622E-3F55D0EE3B65}.Release|Any CPU.ActiveCfg = Release|Any CPU
		{A6B55B94-3196-551E-622E-3F55D0EE3B65}.Release|Any CPU.Build.0 = Release|Any CPU
		{9E7BBFAC-62AE-24F1-51FF-FE5C69D3139D}.Debug|Any CPU.ActiveCfg = Debug|Any CPU
		{9E7BBFAC-62AE-24F1-51FF-FE5C69D3139D}.Debug|Any CPU.Build.0 = Debug|Any CPU
		{9E7BBFAC-62AE-24F1-51FF-FE5C69D3139D}.Release|Any CPU.ActiveCfg = Release|Any CPU
		{9E7BBFAC-62AE-24F1-51FF-FE5C69D3139D}.Release|Any CPU.Build.0 = Release|Any CPU
		{80A6A12C-56E5-969D-8982-636CC83F93FB}.Debug|Any CPU.ActiveCfg = Debug|Any CPU
		{80A6A12C-56E5-969D-8982-636CC83F93FB}.Debug|Any CPU.Build.0 = Debug|Any CPU
		{80A6A12C-56E5-969D-8982-636CC83F93FB}.Release|Any CPU.ActiveCfg = Release|Any CPU
		{80A6A12C-56E5-969D-8982-636CC83F93FB}.Release|Any CPU.Build.0 = Release|Any CPU
		{E172308F-8F8C-21C6-77F8-2585A535500F}.Debug|Any CPU.ActiveCfg = Debug|Any CPU
		{E172308F-8F8C-21C6-77F8-2585A535500F}.Debug|Any CPU.Build.0 = Debug|Any CPU
		{E172308F-8F8C-21C6-77F8-2585A535500F}.Release|Any CPU.ActiveCfg = Release|Any CPU
		{E172308F-8F8C-21C6-77F8-2585A535500F}.Release|Any CPU.Build.0 = Release|Any CPU
		{01F0512D-2AF0-3100-69BA-2A7EAA97A8C4}.Debug|Any CPU.ActiveCfg = Debug|Any CPU
		{01F0512D-2AF0-3100-69BA-2A7EAA97A8C4}.Debug|Any CPU.Build.0 = Debug|Any CPU
		{01F0512D-2AF0-3100-69BA-2A7EAA97A8C4}.Release|Any CPU.ActiveCfg = Release|Any CPU
		{01F0512D-2AF0-3100-69BA-2A7EAA97A8C4}.Release|Any CPU.Build.0 = Release|Any CPU
		{A71B9EC9-4C49-708F-E935-C5F5444DA1EA}.Debug|Any CPU.ActiveCfg = Debug|Any CPU
		{A71B9EC9-4C49-708F-E935-C5F5444DA1EA}.Debug|Any CPU.Build.0 = Debug|Any CPU
		{A71B9EC9-4C49-708F-E935-C5F5444DA1EA}.Release|Any CPU.ActiveCfg = Release|Any CPU
		{A71B9EC9-4C49-708F-E935-C5F5444DA1EA}.Release|Any CPU.Build.0 = Release|Any CPU
		{C46F0911-B5B2-C92A-3747-16E833F04E03}.Debug|Any CPU.ActiveCfg = Debug|Any CPU
		{C46F0911-B5B2-C92A-3747-16E833F04E03}.Debug|Any CPU.Build.0 = Debug|Any CPU
		{C46F0911-B5B2-C92A-3747-16E833F04E03}.Release|Any CPU.ActiveCfg = Release|Any CPU
		{C46F0911-B5B2-C92A-3747-16E833F04E03}.Release|Any CPU.Build.0 = Release|Any CPU
		{2A71027D-BA26-2CE1-28B3-64B1AFFAA20D}.Debug|Any CPU.ActiveCfg = Debug|Any CPU
		{2A71027D-BA26-2CE1-28B3-64B1AFFAA20D}.Debug|Any CPU.Build.0 = Debug|Any CPU
		{2A71027D-BA26-2CE1-28B3-64B1AFFAA20D}.Release|Any CPU.ActiveCfg = Release|Any CPU
		{2A71027D-BA26-2CE1-28B3-64B1AFFAA20D}.Release|Any CPU.Build.0 = Release|Any CPU
		{CFA95D16-92DB-DD1C-E510-3F6F101BE4A0}.Debug|Any CPU.ActiveCfg = Debug|Any CPU
		{CFA95D16-92DB-DD1C-E510-3F6F101BE4A0}.Debug|Any CPU.Build.0 = Debug|Any CPU
		{CFA95D16-92DB-DD1C-E510-3F6F101BE4A0}.Release|Any CPU.ActiveCfg = Release|Any CPU
		{CFA95D16-92DB-DD1C-E510-3F6F101BE4A0}.Release|Any CPU.Build.0 = Release|Any CPU
		{FE22335D-6076-9221-324B-4D081E8E228D}.Debug|Any CPU.ActiveCfg = Debug|Any CPU
		{FE22335D-6076-9221-324B-4D081E8E228D}.Debug|Any CPU.Build.0 = Debug|Any CPU
		{FE22335D-6076-9221-324B-4D081E8E228D}.Release|Any CPU.ActiveCfg = Release|Any CPU
		{FE22335D-6076-9221-324B-4D081E8E228D}.Release|Any CPU.Build.0 = Release|Any CPU
		{6792A010-1915-1880-56E9-F938FD94EF51}.Debug|Any CPU.ActiveCfg = Debug|Any CPU
		{6792A010-1915-1880-56E9-F938FD94EF51}.Debug|Any CPU.Build.0 = Debug|Any CPU
		{6792A010-1915-1880-56E9-F938FD94EF51}.Release|Any CPU.ActiveCfg = Release|Any CPU
		{6792A010-1915-1880-56E9-F938FD94EF51}.Release|Any CPU.Build.0 = Release|Any CPU
		{9242BF61-FEA5-7773-6CFA-CF88715AA347}.Debug|Any CPU.ActiveCfg = Debug|Any CPU
		{9242BF61-FEA5-7773-6CFA-CF88715AA347}.Debug|Any CPU.Build.0 = Debug|Any CPU
		{9242BF61-FEA5-7773-6CFA-CF88715AA347}.Release|Any CPU.ActiveCfg = Release|Any CPU
		{9242BF61-FEA5-7773-6CFA-CF88715AA347}.Release|Any CPU.Build.0 = Release|Any CPU
		{A5D6EC68-184E-9237-E89A-2151602DB63A}.Debug|Any CPU.ActiveCfg = Debug|Any CPU
		{A5D6EC68-184E-9237-E89A-2151602DB63A}.Debug|Any CPU.Build.0 = Debug|Any CPU
		{A5D6EC68-184E-9237-E89A-2151602DB63A}.Release|Any CPU.ActiveCfg = Release|Any CPU
		{A5D6EC68-184E-9237-E89A-2151602DB63A}.Release|Any CPU.Build.0 = Release|Any CPU
		{C61D7A3C-6905-C8E9-FAE5-AD98F1E4F44A}.Debug|Any CPU.ActiveCfg = Debug|Any CPU
		{C61D7A3C-6905-C8E9-FAE5-AD98F1E4F44A}.Debug|Any CPU.Build.0 = Debug|Any CPU
		{C61D7A3C-6905-C8E9-FAE5-AD98F1E4F44A}.Release|Any CPU.ActiveCfg = Release|Any CPU
		{C61D7A3C-6905-C8E9-FAE5-AD98F1E4F44A}.Release|Any CPU.Build.0 = Release|Any CPU
		{33703AF2-A431-D36C-4535-0F49601C168B}.Debug|Any CPU.ActiveCfg = Debug|Any CPU
		{33703AF2-A431-D36C-4535-0F49601C168B}.Debug|Any CPU.Build.0 = Debug|Any CPU
		{33703AF2-A431-D36C-4535-0F49601C168B}.Release|Any CPU.ActiveCfg = Release|Any CPU
		{33703AF2-A431-D36C-4535-0F49601C168B}.Release|Any CPU.Build.0 = Release|Any CPU
		{3A330F43-BA6A-83DF-C947-0D9A6F69CEC0}.Debug|Any CPU.ActiveCfg = Debug|Any CPU
		{3A330F43-BA6A-83DF-C947-0D9A6F69CEC0}.Debug|Any CPU.Build.0 = Debug|Any CPU
		{3A330F43-BA6A-83DF-C947-0D9A6F69CEC0}.Release|Any CPU.ActiveCfg = Release|Any CPU
		{3A330F43-BA6A-83DF-C947-0D9A6F69CEC0}.Release|Any CPU.Build.0 = Release|Any CPU
		{651E4F6B-41C7-B0C4-4147-BB49BAF4D0E3}.Debug|Any CPU.ActiveCfg = Debug|Any CPU
		{651E4F6B-41C7-B0C4-4147-BB49BAF4D0E3}.Debug|Any CPU.Build.0 = Debug|Any CPU
		{651E4F6B-41C7-B0C4-4147-BB49BAF4D0E3}.Release|Any CPU.ActiveCfg = Release|Any CPU
		{651E4F6B-41C7-B0C4-4147-BB49BAF4D0E3}.Release|Any CPU.Build.0 = Release|Any CPU
		{9C433C90-8563-B18C-CD50-FFF6D0D99C66}.Debug|Any CPU.ActiveCfg = Debug|Any CPU
		{9C433C90-8563-B18C-CD50-FFF6D0D99C66}.Debug|Any CPU.Build.0 = Debug|Any CPU
		{9C433C90-8563-B18C-CD50-FFF6D0D99C66}.Release|Any CPU.ActiveCfg = Release|Any CPU
		{9C433C90-8563-B18C-CD50-FFF6D0D99C66}.Release|Any CPU.Build.0 = Release|Any CPU
		{797EE3DD-9BC9-9244-9FA7-36D5F8AA2EA2}.Debug|Any CPU.ActiveCfg = Debug|Any CPU
		{797EE3DD-9BC9-9244-9FA7-36D5F8AA2EA2}.Debug|Any CPU.Build.0 = Debug|Any CPU
		{797EE3DD-9BC9-9244-9FA7-36D5F8AA2EA2}.Release|Any CPU.ActiveCfg = Release|Any CPU
		{797EE3DD-9BC9-9244-9FA7-36D5F8AA2EA2}.Release|Any CPU.Build.0 = Release|Any CPU
		{9CB32DB0-1B19-C403-6F87-374EB386C790}.Debug|Any CPU.ActiveCfg = Debug|Any CPU
		{9CB32DB0-1B19-C403-6F87-374EB386C790}.Debug|Any CPU.Build.0 = Debug|Any CPU
		{9CB32DB0-1B19-C403-6F87-374EB386C790}.Release|Any CPU.ActiveCfg = Release|Any CPU
		{9CB32DB0-1B19-C403-6F87-374EB386C790}.Release|Any CPU.Build.0 = Release|Any CPU
		{AF7416D8-1363-9AE0-0E44-B506CE1DC809}.Debug|Any CPU.ActiveCfg = Debug|Any CPU
		{AF7416D8-1363-9AE0-0E44-B506CE1DC809}.Debug|Any CPU.Build.0 = Debug|Any CPU
		{AF7416D8-1363-9AE0-0E44-B506CE1DC809}.Release|Any CPU.ActiveCfg = Release|Any CPU
		{AF7416D8-1363-9AE0-0E44-B506CE1DC809}.Release|Any CPU.Build.0 = Release|Any CPU
		{066A26EF-5A1D-6BBD-A70E-42EE489512D9}.Debug|Any CPU.ActiveCfg = Debug|Any CPU
		{066A26EF-5A1D-6BBD-A70E-42EE489512D9}.Debug|Any CPU.Build.0 = Debug|Any CPU
		{066A26EF-5A1D-6BBD-A70E-42EE489512D9}.Release|Any CPU.ActiveCfg = Release|Any CPU
		{066A26EF-5A1D-6BBD-A70E-42EE489512D9}.Release|Any CPU.Build.0 = Release|Any CPU
		{AA0574E4-C081-E139-6D79-8BFD98F96E57}.Debug|Any CPU.ActiveCfg = Debug|Any CPU
		{AA0574E4-C081-E139-6D79-8BFD98F96E57}.Debug|Any CPU.Build.0 = Debug|Any CPU
		{AA0574E4-C081-E139-6D79-8BFD98F96E57}.Release|Any CPU.ActiveCfg = Release|Any CPU
		{AA0574E4-C081-E139-6D79-8BFD98F96E57}.Release|Any CPU.Build.0 = Release|Any CPU
		{AC3FAF2E-1430-FE39-E4AF-0D5A483C1EED}.Debug|Any CPU.ActiveCfg = Debug|Any CPU
		{AC3FAF2E-1430-FE39-E4AF-0D5A483C1EED}.Debug|Any CPU.Build.0 = Debug|Any CPU
		{AC3FAF2E-1430-FE39-E4AF-0D5A483C1EED}.Release|Any CPU.ActiveCfg = Release|Any CPU
		{AC3FAF2E-1430-FE39-E4AF-0D5A483C1EED}.Release|Any CPU.Build.0 = Release|Any CPU
		{CD6FA7EC-E4FB-FF5F-A58A-A404303CCFD4}.Debug|Any CPU.ActiveCfg = Debug|Any CPU
		{CD6FA7EC-E4FB-FF5F-A58A-A404303CCFD4}.Debug|Any CPU.Build.0 = Debug|Any CPU
		{CD6FA7EC-E4FB-FF5F-A58A-A404303CCFD4}.Release|Any CPU.ActiveCfg = Release|Any CPU
		{CD6FA7EC-E4FB-FF5F-A58A-A404303CCFD4}.Release|Any CPU.Build.0 = Release|Any CPU
		{27773C99-E0AD-C226-647D-2CA730DA336F}.Debug|Any CPU.ActiveCfg = Debug|Any CPU
		{27773C99-E0AD-C226-647D-2CA730DA336F}.Debug|Any CPU.Build.0 = Debug|Any CPU
		{27773C99-E0AD-C226-647D-2CA730DA336F}.Release|Any CPU.ActiveCfg = Release|Any CPU
		{27773C99-E0AD-C226-647D-2CA730DA336F}.Release|Any CPU.Build.0 = Release|Any CPU
		{2995A261-447E-6377-E66A-CC8C85E11C7B}.Debug|Any CPU.ActiveCfg = Debug|Any CPU
		{2995A261-447E-6377-E66A-CC8C85E11C7B}.Debug|Any CPU.Build.0 = Debug|Any CPU
		{2995A261-447E-6377-E66A-CC8C85E11C7B}.Release|Any CPU.ActiveCfg = Release|Any CPU
		{2995A261-447E-6377-E66A-CC8C85E11C7B}.Release|Any CPU.Build.0 = Release|Any CPU
		{155F49BE-D082-7E7F-B19C-C59273A4680F}.Debug|Any CPU.ActiveCfg = Debug|Any CPU
		{155F49BE-D082-7E7F-B19C-C59273A4680F}.Debug|Any CPU.Build.0 = Debug|Any CPU
		{155F49BE-D082-7E7F-B19C-C59273A4680F}.Release|Any CPU.ActiveCfg = Release|Any CPU
		{155F49BE-D082-7E7F-B19C-C59273A4680F}.Release|Any CPU.Build.0 = Release|Any CPU
		{C55E4697-8F94-5376-4FE8-D78F66A21545}.Debug|Any CPU.ActiveCfg = Debug|Any CPU
		{C55E4697-8F94-5376-4FE8-D78F66A21545}.Debug|Any CPU.Build.0 = Debug|Any CPU
		{C55E4697-8F94-5376-4FE8-D78F66A21545}.Release|Any CPU.ActiveCfg = Release|Any CPU
		{C55E4697-8F94-5376-4FE8-D78F66A21545}.Release|Any CPU.Build.0 = Release|Any CPU
		{4CD79B89-A71A-1255-C72B-82BBDCEC7225}.Debug|Any CPU.ActiveCfg = Debug|Any CPU
		{4CD79B89-A71A-1255-C72B-82BBDCEC7225}.Debug|Any CPU.Build.0 = Debug|Any CPU
		{4CD79B89-A71A-1255-C72B-82BBDCEC7225}.Release|Any CPU.ActiveCfg = Release|Any CPU
		{4CD79B89-A71A-1255-C72B-82BBDCEC7225}.Release|Any CPU.Build.0 = Release|Any CPU
		{7327D537-5B69-E23C-0A84-276FB3CF6C28}.Debug|Any CPU.ActiveCfg = Debug|Any CPU
		{7327D537-5B69-E23C-0A84-276FB3CF6C28}.Debug|Any CPU.Build.0 = Debug|Any CPU
		{7327D537-5B69-E23C-0A84-276FB3CF6C28}.Release|Any CPU.ActiveCfg = Release|Any CPU
		{7327D537-5B69-E23C-0A84-276FB3CF6C28}.Release|Any CPU.Build.0 = Release|Any CPU
		{4D4D9ADC-BC95-3ADA-3248-4C60EDDC352A}.Debug|Any CPU.ActiveCfg = Debug|Any CPU
		{4D4D9ADC-BC95-3ADA-3248-4C60EDDC352A}.Debug|Any CPU.Build.0 = Debug|Any CPU
		{4D4D9ADC-BC95-3ADA-3248-4C60EDDC352A}.Release|Any CPU.ActiveCfg = Release|Any CPU
		{4D4D9ADC-BC95-3ADA-3248-4C60EDDC352A}.Release|Any CPU.Build.0 = Release|Any CPU
		{C1C657DF-6C0C-4F14-F8B8-19801BF170F7}.Debug|Any CPU.ActiveCfg = Debug|Any CPU
		{C1C657DF-6C0C-4F14-F8B8-19801BF170F7}.Debug|Any CPU.Build.0 = Debug|Any CPU
		{C1C657DF-6C0C-4F14-F8B8-19801BF170F7}.Release|Any CPU.ActiveCfg = Release|Any CPU
		{C1C657DF-6C0C-4F14-F8B8-19801BF170F7}.Release|Any CPU.Build.0 = Release|Any CPU
		{DA2DE0A4-E2BE-17BC-905D-BE02AF28BC62}.Debug|Any CPU.ActiveCfg = Debug|Any CPU
		{DA2DE0A4-E2BE-17BC-905D-BE02AF28BC62}.Debug|Any CPU.Build.0 = Debug|Any CPU
		{DA2DE0A4-E2BE-17BC-905D-BE02AF28BC62}.Release|Any CPU.ActiveCfg = Release|Any CPU
		{DA2DE0A4-E2BE-17BC-905D-BE02AF28BC62}.Release|Any CPU.Build.0 = Release|Any CPU
		{F39D6CAD-4E26-BCD3-311F-C3EC2B7E6758}.Debug|Any CPU.ActiveCfg = Debug|Any CPU
		{F39D6CAD-4E26-BCD3-311F-C3EC2B7E6758}.Debug|Any CPU.Build.0 = Debug|Any CPU
		{F39D6CAD-4E26-BCD3-311F-C3EC2B7E6758}.Release|Any CPU.ActiveCfg = Release|Any CPU
		{F39D6CAD-4E26-BCD3-311F-C3EC2B7E6758}.Release|Any CPU.Build.0 = Release|Any CPU
	EndGlobalSection
	GlobalSection(SolutionProperties) = preSolution
		HideSolutionNode = FALSE
	EndGlobalSection
EndGlobal
